// !$*UTF8*$!
{
	archiveVersion = 1;
	classes = {
	};
	objectVersion = 46;
	objects = {

/* Begin PBXBuildFile section */
		CD60CDFA18E1D26000AC4076 /* Foundation.framework in Frameworks */ = {isa = PBXBuildFile; fileRef = CD60CDF918E1D26000AC4076 /* Foundation.framework */; };
		CD60CDFC18E1D26000AC4076 /* CoreGraphics.framework in Frameworks */ = {isa = PBXBuildFile; fileRef = CD60CDFB18E1D26000AC4076 /* CoreGraphics.framework */; };
		CD60CDFE18E1D26000AC4076 /* UIKit.framework in Frameworks */ = {isa = PBXBuildFile; fileRef = CD60CDFD18E1D26000AC4076 /* UIKit.framework */; };
		CD60CE0418E1D26000AC4076 /* InfoPlist.strings in Resources */ = {isa = PBXBuildFile; fileRef = CD60CE0218E1D26000AC4076 /* InfoPlist.strings */; };
		CD60CE0618E1D26000AC4076 /* main.m in Sources */ = {isa = PBXBuildFile; fileRef = CD60CE0518E1D26000AC4076 /* main.m */; };
		CD60CE0A18E1D26000AC4076 /* AppDelegate.m in Sources */ = {isa = PBXBuildFile; fileRef = CD60CE0918E1D26000AC4076 /* AppDelegate.m */; };
		CD60CE0C18E1D26000AC4076 /* Images.xcassets in Resources */ = {isa = PBXBuildFile; fileRef = CD60CE0B18E1D26000AC4076 /* Images.xcassets */; };
		CD60CE1318E1D26000AC4076 /* XCTest.framework in Frameworks */ = {isa = PBXBuildFile; fileRef = CD60CE1218E1D26000AC4076 /* XCTest.framework */; };
		CD60CE1418E1D26000AC4076 /* Foundation.framework in Frameworks */ = {isa = PBXBuildFile; fileRef = CD60CDF918E1D26000AC4076 /* Foundation.framework */; };
		CD60CE1518E1D26000AC4076 /* UIKit.framework in Frameworks */ = {isa = PBXBuildFile; fileRef = CD60CDFD18E1D26000AC4076 /* UIKit.framework */; };
		CD60CE1D18E1D26000AC4076 /* InfoPlist.strings in Resources */ = {isa = PBXBuildFile; fileRef = CD60CE1B18E1D26000AC4076 /* InfoPlist.strings */; };
		CD60CE1F18E1D26000AC4076 /* _____Tests.m in Sources */ = {isa = PBXBuildFile; fileRef = CD60CE1E18E1D26000AC4076 /* _____Tests.m */; };
		CD60CE2A18E1D26E00AC4076 /* MainViewController.m in Sources */ = {isa = PBXBuildFile; fileRef = CD60CE2918E1D26E00AC4076 /* MainViewController.m */; };
/* End PBXBuildFile section */

/* Begin PBXContainerItemProxy section */
		CD60CE1618E1D26000AC4076 /* PBXContainerItemProxy */ = {
			isa = PBXContainerItemProxy;
			containerPortal = CD60CDEE18E1D26000AC4076 /* Project object */;
			proxyType = 1;
			remoteGlobalIDString = CD60CDF518E1D26000AC4076;
			remoteInfo = "屏幕自适应";
		};
/* End PBXContainerItemProxy section */

/* Begin PBXFileReference section */
		CD60CDF618E1D26000AC4076 /* 屏幕自适应.app */ = {isa = PBXFileReference; explicitFileType = wrapper.application; includeInIndex = 0; path = "屏幕自适应.app"; sourceTree = BUILT_PRODUCTS_DIR; };
		CD60CDF918E1D26000AC4076 /* Foundation.framework */ = {isa = PBXFileReference; lastKnownFileType = wrapper.framework; name = Foundation.framework; path = System/Library/Frameworks/Foundation.framework; sourceTree = SDKROOT; };
		CD60CDFB18E1D26000AC4076 /* CoreGraphics.framework */ = {isa = PBXFileReference; lastKnownFileType = wrapper.framework; name = CoreGraphics.framework; path = System/Library/Frameworks/CoreGraphics.framework; sourceTree = SDKROOT; };
		CD60CDFD18E1D26000AC4076 /* UIKit.framework */ = {isa = PBXFileReference; lastKnownFileType = wrapper.framework; name = UIKit.framework; path = System/Library/Frameworks/UIKit.framework; sourceTree = SDKROOT; };
		CD60CE0118E1D26000AC4076 /* 屏幕自适应-Info.plist */ = {isa = PBXFileReference; lastKnownFileType = text.plist.xml; path = "屏幕自适应-Info.plist"; sourceTree = "<group>"; };
		CD60CE0318E1D26000AC4076 /* en */ = {isa = PBXFileReference; lastKnownFileType = text.plist.strings; name = en; path = en.lproj/InfoPlist.strings; sourceTree = "<group>"; };
		CD60CE0518E1D26000AC4076 /* main.m */ = {isa = PBXFileReference; lastKnownFileType = sourcecode.c.objc; path = main.m; sourceTree = "<group>"; };
		CD60CE0718E1D26000AC4076 /* 屏幕自适应-Prefix.pch */ = {isa = PBXFileReference; lastKnownFileType = sourcecode.c.h; path = "屏幕自适应-Prefix.pch"; sourceTree = "<group>"; };
		CD60CE0818E1D26000AC4076 /* AppDelegate.h */ = {isa = PBXFileReference; lastKnownFileType = sourcecode.c.h; path = AppDelegate.h; sourceTree = "<group>"; };
		CD60CE0918E1D26000AC4076 /* AppDelegate.m */ = {isa = PBXFileReference; lastKnownFileType = sourcecode.c.objc; path = AppDelegate.m; sourceTree = "<group>"; };
		CD60CE0B18E1D26000AC4076 /* Images.xcassets */ = {isa = PBXFileReference; lastKnownFileType = folder.assetcatalog; path = Images.xcassets; sourceTree = "<group>"; };
		CD60CE1118E1D26000AC4076 /* 屏幕自适应Tests.xctest */ = {isa = PBXFileReference; explicitFileType = wrapper.cfbundle; includeInIndex = 0; path = "屏幕自适应Tests.xctest"; sourceTree = BUILT_PRODUCTS_DIR; };
		CD60CE1218E1D26000AC4076 /* XCTest.framework */ = {isa = PBXFileReference; lastKnownFileType = wrapper.framework; name = XCTest.framework; path = Library/Frameworks/XCTest.framework; sourceTree = DEVELOPER_DIR; };
		CD60CE1A18E1D26000AC4076 /* 屏幕自适应Tests-Info.plist */ = {isa = PBXFileReference; lastKnownFileType = text.plist.xml; path = "屏幕自适应Tests-Info.plist"; sourceTree = "<group>"; };
		CD60CE1C18E1D26000AC4076 /* en */ = {isa = PBXFileReference; lastKnownFileType = text.plist.strings; name = en; path = en.lproj/InfoPlist.strings; sourceTree = "<group>"; };
		CD60CE1E18E1D26000AC4076 /* _____Tests.m */ = {isa = PBXFileReference; lastKnownFileType = sourcecode.c.objc; path = "_____Tests.m"; sourceTree = "<group>"; };
		CD60CE2818E1D26E00AC4076 /* MainViewController.h */ = {isa = PBXFileReference; fileEncoding = 4; lastKnownFileType = sourcecode.c.h; path = MainViewController.h; sourceTree = "<group>"; };
		CD60CE2918E1D26E00AC4076 /* MainViewController.m */ = {isa = PBXFileReference; fileEncoding = 4; lastKnownFileType = sourcecode.c.objc; path = MainViewController.m; sourceTree = "<group>"; };
/* End PBXFileReference section */

/* Begin PBXFrameworksBuildPhase section */
		CD60CDF318E1D26000AC4076 /* Frameworks */ = {
			isa = PBXFrameworksBuildPhase;
			buildActionMask = 2147483647;
			files = (
				CD60CDFC18E1D26000AC4076 /* CoreGraphics.framework in Frameworks */,
				CD60CDFE18E1D26000AC4076 /* UIKit.framework in Frameworks */,
				CD60CDFA18E1D26000AC4076 /* Foundation.framework in Frameworks */,
			);
			runOnlyForDeploymentPostprocessing = 0;
		};
		CD60CE0E18E1D26000AC4076 /* Frameworks */ = {
			isa = PBXFrameworksBuildPhase;
			buildActionMask = 2147483647;
			files = (
				CD60CE1318E1D26000AC4076 /* XCTest.framework in Frameworks */,
				CD60CE1518E1D26000AC4076 /* UIKit.framework in Frameworks */,
				CD60CE1418E1D26000AC4076 /* Foundation.framework in Frameworks */,
			);
			runOnlyForDeploymentPostprocessing = 0;
		};
/* End PBXFrameworksBuildPhase section */

/* Begin PBXGroup section */
		CD60CDED18E1D26000AC4076 = {
			isa = PBXGroup;
			children = (
				CD60CDFF18E1D26000AC4076 /* 屏幕自适应 */,
				CD60CE1818E1D26000AC4076 /* 屏幕自适应Tests */,
				CD60CDF818E1D26000AC4076 /* Frameworks */,
				CD60CDF718E1D26000AC4076 /* Products */,
			);
			sourceTree = "<group>";
		};
		CD60CDF718E1D26000AC4076 /* Products */ = {
			isa = PBXGroup;
			children = (
				CD60CDF618E1D26000AC4076 /* 屏幕自适应.app */,
				CD60CE1118E1D26000AC4076 /* 屏幕自适应Tests.xctest */,
			);
			name = Products;
			sourceTree = "<group>";
		};
		CD60CDF818E1D26000AC4076 /* Frameworks */ = {
			isa = PBXGroup;
			children = (
				CD60CDF918E1D26000AC4076 /* Foundation.framework */,
				CD60CDFB18E1D26000AC4076 /* CoreGraphics.framework */,
				CD60CDFD18E1D26000AC4076 /* UIKit.framework */,
				CD60CE1218E1D26000AC4076 /* XCTest.framework */,
			);
			name = Frameworks;
			sourceTree = "<group>";
		};
		CD60CDFF18E1D26000AC4076 /* 屏幕自适应 */ = {
			isa = PBXGroup;
			children = (
				CD60CE0818E1D26000AC4076 /* AppDelegate.h */,
				CD60CE0918E1D26000AC4076 /* AppDelegate.m */,
				CD60CE2818E1D26E00AC4076 /* MainViewController.h */,
				CD60CE2918E1D26E00AC4076 /* MainViewController.m */,
				CD60CE0B18E1D26000AC4076 /* Images.xcassets */,
				CD60CE0018E1D26000AC4076 /* Supporting Files */,
			);
			path = "屏幕自适应";
			sourceTree = "<group>";
		};
		CD60CE0018E1D26000AC4076 /* Supporting Files */ = {
			isa = PBXGroup;
			children = (
				CD60CE0118E1D26000AC4076 /* 屏幕自适应-Info.plist */,
				CD60CE0218E1D26000AC4076 /* InfoPlist.strings */,
				CD60CE0518E1D26000AC4076 /* main.m */,
				CD60CE0718E1D26000AC4076 /* 屏幕自适应-Prefix.pch */,
			);
			name = "Supporting Files";
			sourceTree = "<group>";
		};
		CD60CE1818E1D26000AC4076 /* 屏幕自适应Tests */ = {
			isa = PBXGroup;
			children = (
				CD60CE1E18E1D26000AC4076 /* _____Tests.m */,
				CD60CE1918E1D26000AC4076 /* Supporting Files */,
			);
			path = "屏幕自适应Tests";
			sourceTree = "<group>";
		};
		CD60CE1918E1D26000AC4076 /* Supporting Files */ = {
			isa = PBXGroup;
			children = (
				CD60CE1A18E1D26000AC4076 /* 屏幕自适应Tests-Info.plist */,
				CD60CE1B18E1D26000AC4076 /* InfoPlist.strings */,
			);
			name = "Supporting Files";
			sourceTree = "<group>";
		};
/* End PBXGroup section */

/* Begin PBXNativeTarget section */
		CD60CDF518E1D26000AC4076 /* 屏幕自适应 */ = {
			isa = PBXNativeTarget;
			buildConfigurationList = CD60CE2218E1D26000AC4076 /* Build configuration list for PBXNativeTarget "屏幕自适应" */;
			buildPhases = (
				CD60CDF218E1D26000AC4076 /* Sources */,
				CD60CDF318E1D26000AC4076 /* Frameworks */,
				CD60CDF418E1D26000AC4076 /* Resources */,
			);
			buildRules = (
			);
			dependencies = (
			);
			name = "屏幕自适应";
			productName = "屏幕自适应";
			productReference = CD60CDF618E1D26000AC4076 /* 屏幕自适应.app */;
			productType = "com.apple.product-type.application";
		};
		CD60CE1018E1D26000AC4076 /* 屏幕自适应Tests */ = {
			isa = PBXNativeTarget;
			buildConfigurationList = CD60CE2518E1D26000AC4076 /* Build configuration list for PBXNativeTarget "屏幕自适应Tests" */;
			buildPhases = (
				CD60CE0D18E1D26000AC4076 /* Sources */,
				CD60CE0E18E1D26000AC4076 /* Frameworks */,
				CD60CE0F18E1D26000AC4076 /* Resources */,
			);
			buildRules = (
			);
			dependencies = (
				CD60CE1718E1D26000AC4076 /* PBXTargetDependency */,
			);
			name = "屏幕自适应Tests";
			productName = "屏幕自适应Tests";
			productReference = CD60CE1118E1D26000AC4076 /* 屏幕自适应Tests.xctest */;
			productType = "com.apple.product-type.bundle.unit-test";
		};
/* End PBXNativeTarget section */

/* Begin PBXProject section */
		CD60CDEE18E1D26000AC4076 /* Project object */ = {
			isa = PBXProject;
			attributes = {
				LastUpgradeCheck = 0510;
				ORGANIZATIONNAME = renxlin;
				TargetAttributes = {
					CD60CE1018E1D26000AC4076 = {
						TestTargetID = CD60CDF518E1D26000AC4076;
					};
				};
			};
			buildConfigurationList = CD60CDF118E1D26000AC4076 /* Build configuration list for PBXProject "屏幕自适应" */;
			compatibilityVersion = "Xcode 3.2";
			developmentRegion = English;
			hasScannedForEncodings = 0;
			knownRegions = (
				en,
			);
			mainGroup = CD60CDED18E1D26000AC4076;
			productRefGroup = CD60CDF718E1D26000AC4076 /* Products */;
			projectDirPath = "";
			projectRoot = "";
			targets = (
				CD60CDF518E1D26000AC4076 /* 屏幕自适应 */,
				CD60CE1018E1D26000AC4076 /* 屏幕自适应Tests */,
			);
		};
/* End PBXProject section */

/* Begin PBXResourcesBuildPhase section */
		CD60CDF418E1D26000AC4076 /* Resources */ = {
			isa = PBXResourcesBuildPhase;
			buildActionMask = 2147483647;
			files = (
				CD60CE0418E1D26000AC4076 /* InfoPlist.strings in Resources */,
				CD60CE0C18E1D26000AC4076 /* Images.xcassets in Resources */,
			);
			runOnlyForDeploymentPostprocessing = 0;
		};
		CD60CE0F18E1D26000AC4076 /* Resources */ = {
			isa = PBXResourcesBuildPhase;
			buildActionMask = 2147483647;
			files = (
				CD60CE1D18E1D26000AC4076 /* InfoPlist.strings in Resources */,
			);
			runOnlyForDeploymentPostprocessing = 0;
		};
/* End PBXResourcesBuildPhase section */

/* Begin PBXSourcesBuildPhase section */
		CD60CDF218E1D26000AC4076 /* Sources */ = {
			isa = PBXSourcesBuildPhase;
			buildActionMask = 2147483647;
			files = (
				CD60CE0A18E1D26000AC4076 /* AppDelegate.m in Sources */,
				CD60CE2A18E1D26E00AC4076 /* MainViewController.m in Sources */,
				CD60CE0618E1D26000AC4076 /* main.m in Sources */,
			);
			runOnlyForDeploymentPostprocessing = 0;
		};
		CD60CE0D18E1D26000AC4076 /* Sources */ = {
			isa = PBXSourcesBuildPhase;
			buildActionMask = 2147483647;
			files = (
				CD60CE1F18E1D26000AC4076 /* _____Tests.m in Sources */,
			);
			runOnlyForDeploymentPostprocessing = 0;
		};
/* End PBXSourcesBuildPhase section */

/* Begin PBXTargetDependency section */
		CD60CE1718E1D26000AC4076 /* PBXTargetDependency */ = {
			isa = PBXTargetDependency;
			target = CD60CDF518E1D26000AC4076 /* 屏幕自适应 */;
			targetProxy = CD60CE1618E1D26000AC4076 /* PBXContainerItemProxy */;
		};
/* End PBXTargetDependency section */

/* Begin PBXVariantGroup section */
		CD60CE0218E1D26000AC4076 /* InfoPlist.strings */ = {
			isa = PBXVariantGroup;
			children = (
				CD60CE0318E1D26000AC4076 /* en */,
			);
			name = InfoPlist.strings;
			sourceTree = "<group>";
		};
		CD60CE1B18E1D26000AC4076 /* InfoPlist.strings */ = {
			isa = PBXVariantGroup;
			children = (
				CD60CE1C18E1D26000AC4076 /* en */,
			);
			name = InfoPlist.strings;
			sourceTree = "<group>";
		};
/* End PBXVariantGroup section */

/* Begin XCBuildConfiguration section */
		CD60CE2018E1D26000AC4076 /* Debug */ = {
			isa = XCBuildConfiguration;
			buildSettings = {
				ALWAYS_SEARCH_USER_PATHS = NO;
				CLANG_CXX_LANGUAGE_STANDARD = "gnu++0x";
				CLANG_CXX_LIBRARY = "libc++";
				CLANG_ENABLE_MODULES = YES;
				CLANG_ENABLE_OBJC_ARC = YES;
				CLANG_WARN_BOOL_CONVERSION = YES;
				CLANG_WARN_CONSTANT_CONVERSION = YES;
				CLANG_WARN_DIRECT_OBJC_ISA_USAGE = YES_ERROR;
				CLANG_WARN_EMPTY_BODY = YES;
				CLANG_WARN_ENUM_CONVERSION = YES;
				CLANG_WARN_INT_CONVERSION = YES;
				CLANG_WARN_OBJC_ROOT_CLASS = YES_ERROR;
				CLANG_WARN__DUPLICATE_METHOD_MATCH = YES;
				"CODE_SIGN_IDENTITY[sdk=iphoneos*]" = "iPhone Developer";
				COPY_PHASE_STRIP = NO;
				GCC_C_LANGUAGE_STANDARD = gnu99;
				GCC_DYNAMIC_NO_PIC = NO;
				GCC_OPTIMIZATION_LEVEL = 0;
				GCC_PREPROCESSOR_DEFINITIONS = (
					"DEBUG=1",
					"$(inherited)",
				);
				GCC_SYMBOLS_PRIVATE_EXTERN = NO;
				GCC_WARN_64_TO_32_BIT_CONVERSION = YES;
				GCC_WARN_ABOUT_RETURN_TYPE = YES_ERROR;
				GCC_WARN_UNDECLARED_SELECTOR = YES;
				GCC_WARN_UNINITIALIZED_AUTOS = YES_AGGRESSIVE;
				GCC_WARN_UNUSED_FUNCTION = YES;
				GCC_WARN_UNUSED_VARIABLE = YES;
				IPHONEOS_DEPLOYMENT_TARGET = 7.1;
				ONLY_ACTIVE_ARCH = YES;
				SDKROOT = iphoneos;
			};
			name = Debug;
		};
		CD60CE2118E1D26000AC4076 /* Release */ = {
			isa = XCBuildConfiguration;
			buildSettings = {
				ALWAYS_SEARCH_USER_PATHS = NO;
				CLANG_CXX_LANGUAGE_STANDARD = "gnu++0x";
				CLANG_CXX_LIBRARY = "libc++";
				CLANG_ENABLE_MODULES = YES;
				CLANG_ENABLE_OBJC_ARC = YES;
				CLANG_WARN_BOOL_CONVERSION = YES;
				CLANG_WARN_CONSTANT_CONVERSION = YES;
				CLANG_WARN_DIRECT_OBJC_ISA_USAGE = YES_ERROR;
				CLANG_WARN_EMPTY_BODY = YES;
				CLANG_WARN_ENUM_CONVERSION = YES;
				CLANG_WARN_INT_CONVERSION = YES;
				CLANG_WARN_OBJC_ROOT_CLASS = YES_ERROR;
				CLANG_WARN__DUPLICATE_METHOD_MATCH = YES;
				"CODE_SIGN_IDENTITY[sdk=iphoneos*]" = "iPhone Developer";
				COPY_PHASE_STRIP = YES;
				ENABLE_NS_ASSERTIONS = NO;
				GCC_C_LANGUAGE_STANDARD = gnu99;
				GCC_WARN_64_TO_32_BIT_CONVERSION = YES;
				GCC_WARN_ABOUT_RETURN_TYPE = YES_ERROR;
				GCC_WARN_UNDECLARED_SELECTOR = YES;
				GCC_WARN_UNINITIALIZED_AUTOS = YES_AGGRESSIVE;
				GCC_WARN_UNUSED_FUNCTION = YES;
				GCC_WARN_UNUSED_VARIABLE = YES;
				IPHONEOS_DEPLOYMENT_TARGET = 7.1;
				SDKROOT = iphoneos;
				VALIDATE_PRODUCT = YES;
			};
			name = Release;
		};
		CD60CE2318E1D26000AC4076 /* Debug */ = {
			isa = XCBuildConfiguration;
			buildSettings = {
				ASSETCATALOG_COMPILER_APPICON_NAME = AppIcon;
				ASSETCATALOG_COMPILER_LAUNCHIMAGE_NAME = LaunchImage;
				GCC_PRECOMPILE_PREFIX_HEADER = YES;
				GCC_PREFIX_HEADER = "屏幕自适应/屏幕自适应-Prefix.pch";
				INFOPLIST_FILE = "屏幕自适应/屏幕自适应-Info.plist";
				PRODUCT_NAME = "$(TARGET_NAME)";
				WRAPPER_EXTENSION = app;
			};
			name = Debug;
		};
		CD60CE2418E1D26000AC4076 /* Release */ = {
			isa = XCBuildConfiguration;
			buildSettings = {
				ASSETCATALOG_COMPILER_APPICON_NAME = AppIcon;
				ASSETCATALOG_COMPILER_LAUNCHIMAGE_NAME = LaunchImage;
				GCC_PRECOMPILE_PREFIX_HEADER = YES;
				GCC_PREFIX_HEADER = "屏幕自适应/屏幕自适应-Prefix.pch";
				INFOPLIST_FILE = "屏幕自适应/屏幕自适应-Info.plist";
				PRODUCT_NAME = "$(TARGET_NAME)";
				WRAPPER_EXTENSION = app;
			};
			name = Release;
		};
		CD60CE2618E1D26000AC4076 /* Debug */ = {
			isa = XCBuildConfiguration;
			buildSettings = {
				BUNDLE_LOADER = "$(BUILT_PRODUCTS_DIR)/屏幕自适应.app/屏幕自适应";
				FRAMEWORK_SEARCH_PATHS = (
					"$(SDKROOT)/Developer/Library/Frameworks",
					"$(inherited)",
					"$(DEVELOPER_FRAMEWORKS_DIR)",
				);
				GCC_PRECOMPILE_PREFIX_HEADER = YES;
				GCC_PREFIX_HEADER = "屏幕自适应/屏幕自适应-Prefix.pch";
				GCC_PREPROCESSOR_DEFINITIONS = (
					"DEBUG=1",
					"$(inherited)",
				);
				INFOPLIST_FILE = "屏幕自适应Tests/屏幕自适应Tests-Info.plist";
				PRODUCT_NAME = "$(TARGET_NAME)";
				TEST_HOST = "$(BUNDLE_LOADER)";
				WRAPPER_EXTENSION = xctest;
			};
			name = Debug;
		};
		CD60CE2718E1D26000AC4076 /* Release */ = {
			isa = XCBuildConfiguration;
			buildSettings = {
				BUNDLE_LOADER = "$(BUILT_PRODUCTS_DIR)/屏幕自适应.app/屏幕自适应";
				FRAMEWORK_SEARCH_PATHS = (
					"$(SDKROOT)/Developer/Library/Frameworks",
					"$(inherited)",
					"$(DEVELOPER_FRAMEWORKS_DIR)",
				);
				GCC_PRECOMPILE_PREFIX_HEADER = YES;
				GCC_PREFIX_HEADER = "屏幕自适应/屏幕自适应-Prefix.pch";
				INFOPLIST_FILE = "屏幕自适应Tests/屏幕自适应Tests-Info.plist";
				PRODUCT_NAME = "$(TARGET_NAME)";
				TEST_HOST = "$(BUNDLE_LOADER)";
				WRAPPER_EXTENSION = xctest;
			};
			name = Release;
		};
/* End XCBuildConfiguration section */

/* Begin XCConfigurationList section */
		CD60CDF118E1D26000AC4076 /* Build configuration list for PBXProject "屏幕自适应" */ = {
			isa = XCConfigurationList;
			buildConfigurations = (
				CD60CE2018E1D26000AC4076 /* Debug */,
				CD60CE2118E1D26000AC4076 /* Release */,
			);
			defaultConfigurationIsVisible = 0;
			defaultConfigurationName = Release;
		};
		CD60CE2218E1D26000AC4076 /* Build configuration list for PBXNativeTarget "屏幕自适应" */ = {
			isa = XCConfigurationList;
			buildConfigurations = (
				CD60CE2318E1D26000AC4076 /* Debug */,
				CD60CE2418E1D26000AC4076 /* Release */,
			);
			defaultConfigurationIsVisible = 0;
		};
		CD60CE2518E1D26000AC4076 /* Build configuration list for PBXNativeTarget "屏幕自适应Tests" */ = {
			isa = XCConfigurationList;
			buildConfigurations = (
				CD60CE2618E1D26000AC4076 /* Debug */,
				CD60CE2718E1D26000AC4076 /* Release */,
			);
			defaultConfigurationIsVisible = 0;
		};
/* End XCConfigurationList section */
	};
	rootObject = CD60CDEE18E1D26000AC4076 /* Project object */;
}
